Microsoft Visual Studio Solution File, Format Version 12.00
VisualStudioVersion = 14.0.25420.1
MinimumVisualStudioVersion = 10.0.40219.1
Project("{FAE04EC0-301F-11D3-BF4B-00C04F79EFBC}") = "CreepersBot", "CreepersBot\CreepersBotold.csproj", "{980AF2EE-7BEE-4202-9043-F34C7D5FC7C1}"
EndProject
Global
	GlobalSection(SolutionConfigurationPlatforms) = preSolution
		Debug|Any CPU = Debug|Any CPU
		Realise x64|Any CPU = Realise x64|Any CPU
		Release|Any CPU = Release|Any CPU
	EndGlobalSection
	GlobalSection(ProjectConfigurationPlatforms) = postSolution
		{980AF2EE-7BEE-4202-9043-F34C7D5FC7C1}.Debug|Any CPU.ActiveCfg = Debug|Any CPU
		{980AF2EE-7BEE-4202-9043-F34C7D5FC7C1}.Debug|Any CPU.Build.0 = Debug|Any CPU
		{980AF2EE-7BEE-4202-9043-F34C7D5FC7C1}.Realise x64|Any CPU.ActiveCfg = Release|Any CPU
		{980AF2EE-7BEE-4202-9043-F34C7D5FC7C1}.Release|Any CPU.ActiveCfg = Release|Any CPU
		{980AF2EE-7BEE-4202-9043-F34C7D5FC7C1}.Release|Any CPU.Build.0 = Release|Any CPU
	EndGlobalSection
	GlobalSection(SolutionProperties) = preSolution
		HideSolutionNode = FALSE
	EndGlobalSection
EndGlobal
